
Microsoft Visual Studio Solution File, Format Version 12.00
# Visual Studio Version 16
VisualStudioVersion = 16.0.30804.86
MinimumVisualStudioVersion = 10.0.40219.1
Project("{FAE04EC0-301F-11D3-BF4B-00C04F79EFBC}") = "MINST_with_ANN", "MINST_with_ANN\MINST_with_ANN.csproj", "{9E5CF58A-B6E6-4B01-B507-7462CD3CD5E6}"
EndProject
Global
	GlobalSection(SolutionConfigurationPlatforms) = preSolution
		Debug|Any CPU = Debug|Any CPU
		Release|Any CPU = Release|Any CPU
	EndGlobalSection
	GlobalSection(ProjectConfigurationPlatforms) = postSolution
		{9E5CF58A-B6E6-4B01-B507-7462CD3CD5E6}.Debug|Any CPU.ActiveCfg = Debug|Any CPU
		{9E5CF58A-B6E6-4B01-B507-7462CD3CD5E6}.Debug|Any CPU.Build.0 = Debug|Any CPU
		{9E5CF58A-B6E6-4B01-B507-7462CD3CD5E6}.Release|Any CPU.ActiveCfg = Release|Any CPU
		{9E5CF58A-B6E6-4B01-B507-7462CD3CD5E6}.Release|Any CPU.Build.0 = Release|Any CPU
	EndGlobalSection
	GlobalSection(SolutionProperties) = preSolution
		HideSolutionNode = FALSE
	EndGlobalSection
	GlobalSection(ExtensibilityGlobals) = postSolution
		SolutionGuid = {DCDDFBD5-F025-434E-B1C3-C9591201D91B}
	EndGlobalSection
EndGlobal
